{
    "_readme": [
        "This file locks the dependencies of your project to a known state",
        "Read more about it at https://getcomposer.org/doc/01-basic-usage.md#composer-lock-the-lock-file",
        "This file is @generated automatically"
    ],
    "hash": "ae36f4d17b3d24aa55cd39b5b99b48f1",
    "content-hash": "1d68cacae7ba3da1f8d46c159ae56ac9",
    "packages": [
        {
            "name": "composer/installers",
            "version": "v1.0.25",
            "source": {
                "type": "git",
                "url": "https://github.com/composer/installers.git",
                "reference": "36e5b5843203d7f1cf6ffb0305a97e014387bd8e"
            },
            "dist": {
                "type": "zip",
                "url": "https://api.github.com/repos/composer/installers/zipball/36e5b5843203d7f1cf6ffb0305a97e014387bd8e",
                "reference": "36e5b5843203d7f1cf6ffb0305a97e014387bd8e",
                "shasum": ""
            },
            "require": {
                "composer-plugin-api": "^1.0"
            },
            "replace": {
                "roundcube/plugin-installer": "*",
                "shama/baton": "*"
            },
            "require-dev": {
                "composer/composer": "1.0.*@dev",
                "phpunit/phpunit": "4.1.*"
            },
            "type": "composer-plugin",
            "extra": {
                "class": "Composer\\Installers\\Plugin",
                "branch-alias": {
                    "dev-master": "1.0-dev"
                }
            },
            "autoload": {
                "psr-4": {
                    "Composer\\Installers\\": "src/Composer/Installers"
                }
            },
            "notification-url": "https://packagist.org/downloads/",
            "license": [
                "MIT"
            ],
            "authors": [
                {
                    "name": "Kyle Robinson Young",
                    "email": "kyle@dontkry.com",
                    "homepage": "https://github.com/shama"
                }
            ],
            "description": "A multi-framework Composer library installer",
            "homepage": "https://composer.github.io/installers/",
            "keywords": [
                "Craft",
                "Dolibarr",
                "Hurad",
                "ImageCMS",
                "MODX Evo",
                "Mautic",
                "OXID",
                "SMF",
                "Thelia",
                "WolfCMS",
                "agl",
                "aimeos",
                "annotatecms",
                "bitrix",
                "cakephp",
                "chef",
                "codeigniter",
                "concrete5",
                "croogo",
                "dokuwiki",
                "drupal",
                "elgg",
                "fuelphp",
                "grav",
                "installer",
                "joomla",
                "kohana",
                "laravel",
                "lithium",
                "magento",
                "mako",
                "mediawiki",
                "modulework",
                "moodle",
                "phpbb",
                "piwik",
                "ppi",
                "puppet",
                "roundcube",
                "shopware",
                "silverstripe",
                "symfony",
                "typo3",
                "wordpress",
                "zend",
                "zikula"
            ],
            "time": "2016-04-13 19:46:30"
        },
        {
            "name": "justintadlock/hybrid-core",
            "version": "3.0.0",
            "source": {
                "type": "git",
                "url": "https://github.com/justintadlock/hybrid-core.git",
                "reference": "80bd6ee4e1b38239dac17be9dfb2efa0a3071daf"
            },
            "dist": {
                "type": "zip",
                "url": "https://api.github.com/repos/justintadlock/hybrid-core/zipball/80bd6ee4e1b38239dac17be9dfb2efa0a3071daf",
                "reference": "80bd6ee4e1b38239dac17be9dfb2efa0a3071daf",
                "shasum": ""
            },
            "type": "library",
            "autoload": {
                "classmap": [
                    "hybrid.php"
                ]
            },
            "notification-url": "https://packagist.org/downloads/",
            "license": [
                "GPL-2.0+"
            ],
            "authors": [
                {
                    "name": "Justin Tadlock",
                    "email": "justin@justintadlock.com",
                    "homepage": "http://justintadlock.com"
                }
            ],
            "description": "Hybrid Core WordPress theme framework",
            "homepage": "http://themehybrid.com/hybrid-core",
            "keywords": [
                "wordpress"
            ],
            "time": "2015-08-17 21:31:12"
        },
        {
            "name": "pimple/pimple",
            "version": "v3.0.2",
            "source": {
                "type": "git",
                "url": "https://github.com/silexphp/Pimple.git",
                "reference": "a30f7d6e57565a2e1a316e1baf2a483f788b258a"
            },
            "dist": {
                "type": "zip",
                "url": "https://api.github.com/repos/silexphp/Pimple/zipball/a30f7d6e57565a2e1a316e1baf2a483f788b258a",
                "reference": "a30f7d6e57565a2e1a316e1baf2a483f788b258a",
                "shasum": ""
            },
            "require": {
                "php": ">=5.3.0"
            },
            "type": "library",
            "extra": {
                "branch-alias": {
                    "dev-master": "3.0.x-dev"
                }
            },
            "autoload": {
                "psr-0": {
                    "Pimple": "src/"
                }
            },
            "notification-url": "https://packagist.org/downloads/",
            "license": [
                "MIT"
            ],
            "authors": [
                {
                    "name": "Fabien Potencier",
                    "email": "fabien@symfony.com"
                }
            ],
            "description": "Pimple, a simple Dependency Injection Container",
            "homepage": "http://pimple.sensiolabs.org",
            "keywords": [
                "container",
                "dependency injection"
            ],
            "time": "2015-09-11 15:10:35"
        },
        {
            "name": "rarst/locate-vendor",
            "version": "1.0.1",
            "source": {
                "type": "git",
                "url": "https://github.com/Rarst/locate-vendor.git",
                "reference": "dad288d667c21d5b6269b5ab1bd225cc37ac0f59"
            },
            "dist": {
                "type": "zip",
                "url": "https://api.github.com/repos/Rarst/locate-vendor/zipball/dad288d667c21d5b6269b5ab1bd225cc37ac0f59",
                "reference": "dad288d667c21d5b6269b5ab1bd225cc37ac0f59",
                "shasum": ""
            },
            "require": {
                "php": ">=5.3"
            },
            "type": "library",
            "autoload": {
                "classmap": [
                    "class-locate-vendor.php"
                ]
            },
            "notification-url": "https://packagist.org/downloads/",
            "license": [
                "MIT"
            ],
            "authors": [
                {
                    "name": "Andrey Savchenko",
                    "email": "contact@rarst.net",
                    "homepage": "http://www.Rarst.net/"
                }
            ],
            "description": "Experimental helper for vendor directory location in Composer",
            "homepage": "https://bitbucket.org/Rarst/locate-vendor",
            "keywords": [
                "composer"
            ],
            "time": "2013-07-19 13:14:59"
        },
        {
            "name": "rarst/meadow",
            "version": "dev-master",
            "source": {
                "type": "git",
                "url": "https://github.com/Rarst/meadow.git",
                "reference": "2d9dd76b6051fa98ff9823a9b78123e2b181b542"
            },
            "dist": {
                "type": "zip",
                "url": "https://api.github.com/repos/Rarst/meadow/zipball/2d9dd76b6051fa98ff9823a9b78123e2b181b542",
                "reference": "2d9dd76b6051fa98ff9823a9b78123e2b181b542",
                "shasum": ""
            },
            "require": {
                "php": ">=5.4",
                "pimple/pimple": "~3.0",
                "twig/twig": "~1.15"
            },
            "type": "library",
            "autoload": {
                "classmap": [
                    "php/"
                ]
            },
            "notification-url": "https://packagist.org/downloads/",
            "license": [
                "MIT"
            ],
            "authors": [
                {
                    "name": "Andrey Savchenko",
                    "email": "contact@rarst.net",
                    "homepage": "http://www.Rarst.net/"
                }
            ],
            "description": "WordPress templating DSL",
            "homepage": "https://github.com/Rarst/meadow",
            "keywords": [
                "twig",
                "wordpress"
            ],
            "time": "2015-04-13 08:21:47"
        },
        {
            "name": "twbs/bootstrap",
            "version": "v3.3.6",
            "source": {
                "type": "git",
                "url": "https://github.com/twbs/bootstrap.git",
                "reference": "81df608a40bf0629a1dc08e584849bb1e43e0b7a"
            },
            "dist": {
                "type": "zip",
                "url": "https://api.github.com/repos/twbs/bootstrap/zipball/81df608a40bf0629a1dc08e584849bb1e43e0b7a",
                "reference": "81df608a40bf0629a1dc08e584849bb1e43e0b7a",
                "shasum": ""
            },
            "replace": {
                "twitter/bootstrap": "self.version"
            },
            "type": "library",
            "extra": {
                "branch-alias": {
                    "dev-master": "3.3.x-dev"
                }
            },
            "notification-url": "https://packagist.org/downloads/",
            "license": [
                "MIT"
            ],
            "authors": [
                {
                    "name": "Jacob Thornton",
                    "email": "jacobthornton@gmail.com"
                },
                {
                    "name": "Mark Otto",
                    "email": "markdotto@gmail.com"
                }
            ],
            "description": "The most popular front-end framework for developing responsive, mobile first projects on the web.",
            "homepage": "http://getbootstrap.com",
            "keywords": [
                "JS",
                "css",
                "framework",
                "front-end",
                "less",
                "mobile-first",
                "responsive",
                "web"
            ],
            "time": "2015-11-24 19:37:05"
        },
        {
            "name": "twig/twig",
            "version": "v1.24.0",
            "source": {
                "type": "git",
                "url": "https://github.com/twigphp/Twig.git",
                "reference": "3e5aa30ebfbafd5951fb1b01e338e1800ce7e0e8"
            },
            "dist": {
                "type": "zip",
                "url": "https://api.github.com/repos/twigphp/Twig/zipball/3e5aa30ebfbafd5951fb1b01e338e1800ce7e0e8",
                "reference": "3e5aa30ebfbafd5951fb1b01e338e1800ce7e0e8",
                "shasum": ""
            },
            "require": {
                "php": ">=5.2.7"
            },
            "require-dev": {
                "symfony/debug": "~2.7",
                "symfony/phpunit-bridge": "~2.7"
            },
            "type": "library",
            "extra": {
                "branch-alias": {
                    "dev-master": "1.24-dev"
                }
            },
            "autoload": {
                "psr-0": {
                    "Twig_": "lib/"
                }
            },
            "notification-url": "https://packagist.org/downloads/",
            "license": [
                "BSD-3-Clause"
            ],
            "authors": [
                {
                    "name": "Fabien Potencier",
                    "email": "fabien@symfony.com",
                    "homepage": "http://fabien.potencier.org",
                    "role": "Lead Developer"
                },
                {
                    "name": "Armin Ronacher",
                    "email": "armin.ronacher@active-4.com",
                    "role": "Project Founder"
                },
                {
                    "name": "Twig Team",
                    "homepage": "http://twig.sensiolabs.org/contributors",
                    "role": "Contributors"
                }
            ],
            "description": "Twig, the flexible, fast, and secure template language for PHP",
            "homepage": "http://twig.sensiolabs.org",
            "keywords": [
                "templating"
            ],
            "time": "2016-01-25 21:22:18"
        }
    ],
    "packages-dev": [],
    "aliases": [],
    "minimum-stability": "stable",
    "stability-flags": {
        "rarst/meadow": 20
    },
    "prefer-stable": false,
    "prefer-lowest": false,
    "platform": {
        "php": ">=5.3"
    },
    "platform-dev": []
}
